
Microsoft Visual Studio Solution File, Format Version 12.00
# Visual Studio Version 17
VisualStudioVersion = 17.14.36127.28
MinimumVisualStudioVersion = 10.0.40219.1
Project("{FAE04EC0-301F-11D3-BF4B-00C04F79EFBC}") = "Spaceships.Web", "SpaceshipsApp\Spaceships.Web.csproj", "{BC5CEAF7-08B1-4FFA-B502-D09B3071066B}"
EndProject
Project("{FAE04EC0-301F-11D3-BF4B-00C04F79EFBC}") = "Spaceships.Infrastructure", "Spaceships.Infrastructure\Spaceships.Infrastructure.csproj", "{DDD519AC-1071-464D-8180-3CF82AA49022}"
EndProject
Project("{2150E333-8FDC-42A3-9474-1A3956D46DE8}") = "Solution Items", "Solution Items", "{8EC462FD-D22E-90A8-E5CE-7E832BA40C5D}"
EndProject
Project("{FAE04EC0-301F-11D3-BF4B-00C04F79EFBC}") = "Spaceships.Domain", "Spaceships.Domain\Spaceships.Domain.csproj", "{A9E5B58F-57BE-47ED-BA43-AEA90937343C}"
EndProject
Project("{FAE04EC0-301F-11D3-BF4B-00C04F79EFBC}") = "Spaceships.Application", "Spaceships.Application\Spaceships.Application.csproj", "{71E4B2AF-91AF-4618-97CE-AD7794E5B142}"
EndProject
Project("{FAE04EC0-301F-11D3-BF4B-00C04F79EFBC}") = "Spaceships.Application.Tests", "Spaceships.Application.Tests\Spaceships.Application.Tests.csproj", "{E1EAEC35-A1F1-D255-1244-891E38AB70B8}"
EndProject
Project("{FAE04EC0-301F-11D3-BF4B-00C04F79EFBC}") = "Spaceships.Web.Tests", "Spaceships.Web.Tests\Spaceships.Web.Tests.csproj", "{0AB737D5-E249-4178-BB83-10DA0D4B7249}"
EndProject
Global
	GlobalSection(SolutionConfigurationPlatforms) = preSolution
		Debug|Any CPU = Debug|Any CPU
		Release|Any CPU = Release|Any CPU
	EndGlobalSection
	GlobalSection(ProjectConfigurationPlatforms) = postSolution
		{BC5CEAF7-08B1-4FFA-B502-D09B3071066B}.Debug|Any CPU.ActiveCfg = Debug|Any CPU
		{BC5CEAF7-08B1-4FFA-B502-D09B3071066B}.Debug|Any CPU.Build.0 = Debug|Any CPU
		{BC5CEAF7-08B1-4FFA-B502-D09B3071066B}.Release|Any CPU.ActiveCfg = Release|Any CPU
		{BC5CEAF7-08B1-4FFA-B502-D09B3071066B}.Release|Any CPU.Build.0 = Release|Any CPU
		{DDD519AC-1071-464D-8180-3CF82AA49022}.Debug|Any CPU.ActiveCfg = Debug|Any CPU
		{DDD519AC-1071-464D-8180-3CF82AA49022}.Debug|Any CPU.Build.0 = Debug|Any CPU
		{DDD519AC-1071-464D-8180-3CF82AA49022}.Release|Any CPU.ActiveCfg = Release|Any CPU
		{DDD519AC-1071-464D-8180-3CF82AA49022}.Release|Any CPU.Build.0 = Release|Any CPU
		{A9E5B58F-57BE-47ED-BA43-AEA90937343C}.Debug|Any CPU.ActiveCfg = Debug|Any CPU
		{A9E5B58F-57BE-47ED-BA43-AEA90937343C}.Debug|Any CPU.Build.0 = Debug|Any CPU
		{A9E5B58F-57BE-47ED-BA43-AEA90937343C}.Release|Any CPU.ActiveCfg = Release|Any CPU
		{A9E5B58F-57BE-47ED-BA43-AEA90937343C}.Release|Any CPU.Build.0 = Release|Any CPU
		{71E4B2AF-91AF-4618-97CE-AD7794E5B142}.Debug|Any CPU.ActiveCfg = Debug|Any CPU
		{71E4B2AF-91AF-4618-97CE-AD7794E5B142}.Debug|Any CPU.Build.0 = Debug|Any CPU
		{71E4B2AF-91AF-4618-97CE-AD7794E5B142}.Release|Any CPU.ActiveCfg = Release|Any CPU
		{71E4B2AF-91AF-4618-97CE-AD7794E5B142}.Release|Any CPU.Build.0 = Release|Any CPU
		{E1EAEC35-A1F1-D255-1244-891E38AB70B8}.Debug|Any CPU.ActiveCfg = Debug|Any CPU
		{E1EAEC35-A1F1-D255-1244-891E38AB70B8}.Debug|Any CPU.Build.0 = Debug|Any CPU
		{E1EAEC35-A1F1-D255-1244-891E38AB70B8}.Release|Any CPU.ActiveCfg = Release|Any CPU
		{E1EAEC35-A1F1-D255-1244-891E38AB70B8}.Release|Any CPU.Build.0 = Release|Any CPU
		{0AB737D5-E249-4178-BB83-10DA0D4B7249}.Debug|Any CPU.ActiveCfg = Debug|Any CPU
		{0AB737D5-E249-4178-BB83-10DA0D4B7249}.Debug|Any CPU.Build.0 = Debug|Any CPU
		{0AB737D5-E249-4178-BB83-10DA0D4B7249}.Release|Any CPU.ActiveCfg = Release|Any CPU
		{0AB737D5-E249-4178-BB83-10DA0D4B7249}.Release|Any CPU.Build.0 = Release|Any CPU
	EndGlobalSection
	GlobalSection(SolutionProperties) = preSolution
		HideSolutionNode = FALSE
	EndGlobalSection
	GlobalSection(ExtensibilityGlobals) = postSolution
		SolutionGuid = {F5E40DF2-973D-4B9C-AD07-5C2C48B057F4}
	EndGlobalSection
EndGlobal
